// !$*UTF8*$!
{
	archiveVersion = 1;
	classes = {
	};
	objectVersion = 46;
	objects = {

/* Begin PBXBuildFile section */
		34D80CC51A66388400E936C1 /* AppDelegate.swift in Sources */ = {isa = PBXBuildFile; fileRef = 34D80CC41A66388400E936C1 /* AppDelegate.swift */; };
		34D80CC71A66388400E936C1 /* ViewController.swift in Sources */ = {isa = PBXBuildFile; fileRef = 34D80CC61A66388400E936C1 /* ViewController.swift */; };
		34D80CCA1A66388400E936C1 /* Main.storyboard in Resources */ = {isa = PBXBuildFile; fileRef = 34D80CC81A66388400E936C1 /* Main.storyboard */; };
		34D80CCC1A66388400E936C1 /* Images.xcassets in Resources */ = {isa = PBXBuildFile; fileRef = 34D80CCB1A66388400E936C1 /* Images.xcassets */; };
		34D80CCF1A66388400E936C1 /* LaunchScreen.xib in Resources */ = {isa = PBXBuildFile; fileRef = 34D80CCD1A66388400E936C1 /* LaunchScreen.xib */; };
		34D80CDB1A66388400E936C1 /* tipsTests.swift in Sources */ = {isa = PBXBuildFile; fileRef = 34D80CDA1A66388400E936C1 /* tipsTests.swift */; };
/* End PBXBuildFile section */

/* Begin PBXContainerItemProxy section */
		34D80CD51A66388400E936C1 /* PBXContainerItemProxy */ = {
			isa = PBXContainerItemProxy;
			containerPortal = 34D80CB71A66388400E936C1 /* Project object */;
			proxyType = 1;
			remoteGlobalIDString = 34D80CBE1A66388400E936C1;
			remoteInfo = tips;
		};
/* End PBXContainerItemProxy section */

/* Begin PBXFileReference section */
		34D80CBF1A66388400E936C1 /* tips.app */ = {isa = PBXFileReference; explicitFileType = wrapper.application; includeInIndex = 0; path = tips.app; sourceTree = BUILT_PRODUCTS_DIR; };
		34D80CC31A66388400E936C1 /* Info.plist */ = {isa = PBXFileReference; lastKnownFileType = text.plist.xml; path = Info.plist; sourceTree = "<group>"; };
		34D80CC41A66388400E936C1 /* AppDelegate.swift */ = {isa = PBXFileReference; lastKnownFileType = sourcecode.swift; path = AppDelegate.swift; sourceTree = "<group>"; };
		34D80CC61A66388400E936C1 /* ViewController.swift */ = {isa = PBXFileReference; lastKnownFileType = sourcecode.swift; path = ViewController.swift; sourceTree = "<group>"; };
		34D80CC91A66388400E936C1 /* Base */ = {isa = PBXFileReference; lastKnownFileType = file.storyboard; name = Base; path = Base.lproj/Main.storyboard; sourceTree = "<group>"; };
		34D80CCB1A66388400E936C1 /* Images.xcassets */ = {isa = PBXFileReference; lastKnownFileType = folder.assetcatalog; path = Images.xcassets; sourceTree = "<group>"; };
		34D80CCE1A66388400E936C1 /* Base */ = {isa = PBXFileReference; lastKnownFileType = file.xib; name = Base; path = Base.lproj/LaunchScreen.xib; sourceTree = "<group>"; };
		34D80CD41A66388400E936C1 /* tipsTests.xctest */ = {isa = PBXFileReference; explicitFileType = wrapper.cfbundle; includeInIndex = 0; path = tipsTests.xctest; sourceTree = BUILT_PRODUCTS_DIR; };
		34D80CD91A66388400E936C1 /* Info.plist */ = {isa = PBXFileReference; lastKnownFileType = text.plist.xml; path = Info.plist; sourceTree = "<group>"; };
		34D80CDA1A66388400E936C1 /* tipsTests.swift */ = {isa = PBXFileReference; lastKnownFileType = sourcecode.swift; path = tipsTests.swift; sourceTree = "<group>"; };
/* End PBXFileReference section */

/* Begin PBXFrameworksBuildPhase section */
		34D80CBC1A66388400E936C1 /* Frameworks */ = {
			isa = PBXFrameworksBuildPhase;
			buildActionMask = 2147483647;
			files = (
			);
			runOnlyForDeploymentPostprocessing = 0;
		};
		34D80CD11A66388400E936C1 /* Frameworks */ = {
			isa = PBXFrameworksBuildPhase;
			buildActionMask = 2147483647;
			files = (
			);
			runOnlyForDeploymentPostprocessing = 0;
		};
/* End PBXFrameworksBuildPhase section */

/* Begin PBXGroup section */
		34D80CB61A66388400E936C1 = {
			isa = PBXGroup;
			children = (
				34D80CC11A66388400E936C1 /* tips */,
				34D80CD71A66388400E936C1 /* tipsTests */,
				34D80CC01A66388400E936C1 /* Products */,
			);
			sourceTree = "<group>";
		};
		34D80CC01A66388400E936C1 /* Products */ = {
			isa = PBXGroup;
			children = (
				34D80CBF1A66388400E936C1 /* tips.app */,
				34D80CD41A66388400E936C1 /* tipsTests.xctest */,
			);
			name = Products;
			sourceTree = "<group>";
		};
		34D80CC11A66388400E936C1 /* tips */ = {
			isa = PBXGroup;
			children = (
				34D80CC41A66388400E936C1 /* AppDelegate.swift */,
				34D80CC61A66388400E936C1 /* ViewController.swift */,
				34D80CC81A66388400E936C1 /* Main.storyboard */,
				34D80CCB1A66388400E936C1 /* Images.xcassets */,
				34D80CCD1A66388400E936C1 /* LaunchScreen.xib */,
				34D80CC21A66388400E936C1 /* Supporting Files */,
			);
			path = tips;
			sourceTree = "<group>";
		};
		34D80CC21A66388400E936C1 /* Supporting Files */ = {
			isa = PBXGroup;
			children = (
				34D80CC31A66388400E936C1 /* Info.plist */,
			);
			name = "Supporting Files";
			sourceTree = "<group>";
		};
		34D80CD71A66388400E936C1 /* tipsTests */ = {
			isa = PBXGroup;
			children = (
				34D80CDA1A66388400E936C1 /* tipsTests.swift */,
				34D80CD81A66388400E936C1 /* Supporting Files */,
			);
			path = tipsTests;
			sourceTree = "<group>";
		};
		34D80CD81A66388400E936C1 /* Supporting Files */ = {
			isa = PBXGroup;
			children = (
				34D80CD91A66388400E936C1 /* Info.plist */,
			);
			name = "Supporting Files";
			sourceTree = "<group>";
		};
/* End PBXGroup section */

/* Begin PBXNativeTarget section */
		34D80CBE1A66388400E936C1 /* tips */ = {
			isa = PBXNativeTarget;
			buildConfigurationList = 34D80CDE1A66388400E936C1 /* Build configuration list for PBXNativeTarget "tips" */;
			buildPhases = (
				34D80CBB1A66388400E936C1 /* Sources */,
				34D80CBC1A66388400E936C1 /* Frameworks */,
				34D80CBD1A66388400E936C1 /* Resources */,
			);
			buildRules = (
			);
			dependencies = (
			);
			name = tips;
			productName = tips;
			productReference = 34D80CBF1A66388400E936C1 /* tips.app */;
			productType = "com.apple.product-type.application";
		};
		34D80CD31A66388400E936C1 /* tipsTests */ = {
			isa = PBXNativeTarget;
			buildConfigurationList = 34D80CE11A66388400E936C1 /* Build configuration list for PBXNativeTarget "tipsTests" */;
			buildPhases = (
				34D80CD01A66388400E936C1 /* Sources */,
				34D80CD11A66388400E936C1 /* Frameworks */,
				34D80CD21A66388400E936C1 /* Resources */,
			);
			buildRules = (
			);
			dependencies = (
				34D80CD61A66388400E936C1 /* PBXTargetDependency */,
			);
			name = tipsTests;
			productName = tipsTests;
			productReference = 34D80CD41A66388400E936C1 /* tipsTests.xctest */;
			productType = "com.apple.product-type.bundle.unit-test";
		};
/* End PBXNativeTarget section */

/* Begin PBXProject section */
		34D80CB71A66388400E936C1 /* Project object */ = {
			isa = PBXProject;
			attributes = {
				LastUpgradeCheck = 0610;
				ORGANIZATIONNAME = skowak;
				TargetAttributes = {
					34D80CBE1A66388400E936C1 = {
						CreatedOnToolsVersion = 6.1.1;
					};
					34D80CD31A66388400E936C1 = {
						CreatedOnToolsVersion = 6.1.1;
						TestTargetID = 34D80CBE1A66388400E936C1;
					};
				};
			};
			buildConfigurationList = 34D80CBA1A66388400E936C1 /* Build configuration list for PBXProject "tips" */;
			compatibilityVersion = "Xcode 3.2";
			developmentRegion = English;
			hasScannedForEncodings = 0;
			knownRegions = (
				en,
				Base,
			);
			mainGroup = 34D80CB61A66388400E936C1;
			productRefGroup = 34D80CC01A66388400E936C1 /* Products */;
			projectDirPath = "";
			projectRoot = "";
			targets = (
				34D80CBE1A66388400E936C1 /* tips */,
				34D80CD31A66388400E936C1 /* tipsTests */,
			);
		};
/* End PBXProject section */

/* Begin PBXResourcesBuildPhase section */
		34D80CBD1A66388400E936C1 /* Resources */ = {
			isa = PBXResourcesBuildPhase;
			buildActionMask = 2147483647;
			files = (
				34D80CCA1A66388400E936C1 /* Main.storyboard in Resources */,
				34D80CCF1A66388400E936C1 /* LaunchScreen.xib in Resources */,
				34D80CCC1A66388400E936C1 /* Images.xcassets in Resources */,
			);
			runOnlyForDeploymentPostprocessing = 0;
		};
		34D80CD21A66388400E936C1 /* Resources */ = {
			isa = PBXResourcesBuildPhase;
			buildActionMask = 2147483647;
			files = (
			);
			runOnlyForDeploymentPostprocessing = 0;
		};
/* End PBXResourcesBuildPhase section */

/* Begin PBXSourcesBuildPhase section */
		34D80CBB1A66388400E936C1 /* Sources */ = {
			isa = PBXSourcesBuildPhase;
			buildActionMask = 2147483647;
			files = (
				34D80CC71A66388400E936C1 /* ViewController.swift in Sources */,
				34D80CC51A66388400E936C1 /* AppDelegate.swift in Sources */,
			);
			runOnlyForDeploymentPostprocessing = 0;
		};
		34D80CD01A66388400E936C1 /* Sources */ = {
			isa = PBXSourcesBuildPhase;
			buildActionMask = 2147483647;
			files = (
				34D80CDB1A66388400E936C1 /* tipsTests.swift in Sources */,
			);
			runOnlyForDeploymentPostprocessing = 0;
		};
/* End PBXSourcesBuildPhase section */

/* Begin PBXTargetDependency section */
		34D80CD61A66388400E936C1 /* PBXTargetDependency */ = {
			isa = PBXTargetDependency;
			target = 34D80CBE1A66388400E936C1 /* tips */;
			targetProxy = 34D80CD51A66388400E936C1 /* PBXContainerItemProxy */;
		};
/* End PBXTargetDependency section */

/* Begin PBXVariantGroup section */
		34D80CC81A66388400E936C1 /* Main.storyboard */ = {
			isa = PBXVariantGroup;
			children = (
				34D80CC91A66388400E936C1 /* Base */,
			);
			name = Main.storyboard;
			sourceTree = "<group>";
		};
		34D80CCD1A66388400E936C1 /* LaunchScreen.xib */ = {
			isa = PBXVariantGroup;
			children = (
				34D80CCE1A66388400E936C1 /* Base */,
			);
			name = LaunchScreen.xib;
			sourceTree = "<group>";
		};
/* End PBXVariantGroup section */

/* Begin XCBuildConfiguration section */
		34D80CDC1A66388400E936C1 /* Debug */ = {
			isa = XCBuildConfiguration;
			buildSettings = {
				ALWAYS_SEARCH_USER_PATHS = NO;
				CLANG_CXX_LANGUAGE_STANDARD = "gnu++0x";
				CLANG_CXX_LIBRARY = "libc++";
				CLANG_ENABLE_MODULES = YES;
				CLANG_ENABLE_OBJC_ARC = YES;
				CLANG_WARN_BOOL_CONVERSION = YES;
				CLANG_WARN_CONSTANT_CONVERSION = YES;
				CLANG_WARN_DIRECT_OBJC_ISA_USAGE = YES_ERROR;
				CLANG_WARN_EMPTY_BODY = YES;
				CLANG_WARN_ENUM_CONVERSION = YES;
				CLANG_WARN_INT_CONVERSION = YES;
				CLANG_WARN_OBJC_ROOT_CLASS = YES_ERROR;
				CLANG_WARN_UNREACHABLE_CODE = YES;
				CLANG_WARN__DUPLICATE_METHOD_MATCH = YES;
				"CODE_SIGN_IDENTITY[sdk=iphoneos*]" = "iPhone Developer";
				COPY_PHASE_STRIP = NO;
				ENABLE_STRICT_OBJC_MSGSEND = YES;
				GCC_C_LANGUAGE_STANDARD = gnu99;
				GCC_DYNAMIC_NO_PIC = NO;
				GCC_OPTIMIZATION_LEVEL = 0;
				GCC_PREPROCESSOR_DEFINITIONS = (
					"DEBUG=1",
					"$(inherited)",
				);
				GCC_SYMBOLS_PRIVATE_EXTERN = NO;
				GCC_WARN_64_TO_32_BIT_CONVERSION = YES;
				GCC_WARN_ABOUT_RETURN_TYPE = YES_ERROR;
				GCC_WARN_UNDECLARED_SELECTOR = YES;
				GCC_WARN_UNINITIALIZED_AUTOS = YES_AGGRESSIVE;
				GCC_WARN_UNUSED_FUNCTION = YES;
				GCC_WARN_UNUSED_VARIABLE = YES;
				IPHONEOS_DEPLOYMENT_TARGET = 8.1;
				MTL_ENABLE_DEBUG_INFO = YES;
				ONLY_ACTIVE_ARCH = YES;
				SDKROOT = iphoneos;
				SWIFT_OPTIMIZATION_LEVEL = "-Onone";
			};
			name = Debug;
		};
		34D80CDD1A66388400E936C1 /* Release */ = {
			isa = XCBuildConfiguration;
			buildSettings = {
				ALWAYS_SEARCH_USER_PATHS = NO;
				CLANG_CXX_LANGUAGE_STANDARD = "gnu++0x";
				CLANG_CXX_LIBRARY = "libc++";
				CLANG_ENABLE_MODULES = YES;
				CLANG_ENABLE_OBJC_ARC = YES;
				CLANG_WARN_BOOL_CONVERSION = YES;
				CLANG_WARN_CONSTANT_CONVERSION = YES;
				CLANG_WARN_DIRECT_OBJC_ISA_USAGE = YES_ERROR;
				CLANG_WARN_EMPTY_BODY = YES;
				CLANG_WARN_ENUM_CONVERSION = YES;
				CLANG_WARN_INT_CONVERSION = YES;
				CLANG_WARN_OBJC_ROOT_CLASS = YES_ERROR;
				CLANG_WARN_UNREACHABLE_CODE = YES;
				CLANG_WARN__DUPLICATE_METHOD_MATCH = YES;
				"CODE_SIGN_IDENTITY[sdk=iphoneos*]" = "iPhone Developer";
				COPY_PHASE_STRIP = YES;
				ENABLE_NS_ASSERTIONS = NO;
				ENABLE_STRICT_OBJC_MSGSEND = YES;
				GCC_C_LANGUAGE_STANDARD = gnu99;
				GCC_WARN_64_TO_32_BIT_CONVERSION = YES;
				GCC_WARN_ABOUT_RETURN_TYPE = YES_ERROR;
				GCC_WARN_UNDECLARED_SELECTOR = YES;
				GCC_WARN_UNINITIALIZED_AUTOS = YES_AGGRESSIVE;
				GCC_WARN_UNUSED_FUNCTION = YES;
				GCC_WARN_UNUSED_VARIABLE = YES;
				IPHONEOS_DEPLOYMENT_TARGET = 8.1;
				MTL_ENABLE_DEBUG_INFO = NO;
				SDKROOT = iphoneos;
				VALIDATE_PRODUCT = YES;
			};
			name = Release;
		};
		34D80CDF1A66388400E936C1 /* Debug */ = {
			isa = XCBuildConfiguration;
			buildSettings = {
				ASSETCATALOG_COMPILER_APPICON_NAME = AppIcon;
				INFOPLIST_FILE = tips/Info.plist;
				LD_RUNPATH_SEARCH_PATHS = "$(inherited) @executable_path/Frameworks";
				PRODUCT_NAME = "$(TARGET_NAME)";
			};
			name = Debug;
		};
		34D80CE01A66388400E936C1 /* Release */ = {
			isa = XCBuildConfiguration;
			buildSettings = {
				ASSETCATALOG_COMPILER_APPICON_NAME = AppIcon;
				INFOPLIST_FILE = tips/Info.plist;
				LD_RUNPATH_SEARCH_PATHS = "$(inherited) @executable_path/Frameworks";
				PRODUCT_NAME = "$(TARGET_NAME)";
			};
			name = Release;
		};
		34D80CE21A66388400E936C1 /* Debug */ = {
			isa = XCBuildConfiguration;
			buildSettings = {
				BUNDLE_LOADER = "$(TEST_HOST)";
				FRAMEWORK_SEARCH_PATHS = (
					"$(SDKROOT)/Developer/Library/Frameworks",
					"$(inherited)",
				);
				GCC_PREPROCESSOR_DEFINITIONS = (
					"DEBUG=1",
					"$(inherited)",
				);
				INFOPLIST_FILE = tipsTests/Info.plist;
				LD_RUNPATH_SEARCH_PATHS = "$(inherited) @executable_path/Frameworks @loader_path/Frameworks";
				PRODUCT_NAME = "$(TARGET_NAME)";
				TEST_HOST = "$(BUILT_PRODUCTS_DIR)/tips.app/tips";
			};
			name = Debug;
		};
		34D80CE31A66388400E936C1 /* Release */ = {
			isa = XCBuildConfiguration;
			buildSettings = {
				BUNDLE_LOADER = "$(TEST_HOST)";
				FRAMEWORK_SEARCH_PATHS = (
					"$(SDKROOT)/Developer/Library/Frameworks",
					"$(inherited)",
				);
				INFOPLIST_FILE = tipsTests/Info.plist;
				LD_RUNPATH_SEARCH_PATHS = "$(inherited) @executable_path/Frameworks @loader_path/Frameworks";
				PRODUCT_NAME = "$(TARGET_NAME)";
				TEST_HOST = "$(BUILT_PRODUCTS_DIR)/tips.app/tips";
			};
			name = Release;
		};
/* End XCBuildConfiguration section */

/* Begin XCConfigurationList section */
		34D80CBA1A66388400E936C1 /* Build configuration list for PBXProject "tips" */ = {
			isa = XCConfigurationList;
			buildConfigurations = (
				34D80CDC1A66388400E936C1 /* Debug */,
				34D80CDD1A66388400E936C1 /* Release */,
			);
			defaultConfigurationIsVisible = 0;
			defaultConfigurationName = Release;
		};
		34D80CDE1A66388400E936C1 /* Build configuration list for PBXNativeTarget "tips" */ = {
			isa = XCConfigurationList;
			buildConfigurations = (
				34D80CDF1A66388400E936C1 /* Debug */,
				34D80CE01A66388400E936C1 /* Release */,
			);
			defaultConfigurationIsVisible = 0;
		};
		34D80CE11A66388400E936C1 /* Build configuration list for PBXNativeTarget "tipsTests" */ = {
			isa = XCConfigurationList;
			buildConfigurations = (
				34D80CE21A66388400E936C1 /* Debug */,
				34D80CE31A66388400E936C1 /* Release */,
			);
			defaultConfigurationIsVisible = 0;
		};
/* End XCConfigurationList section */
	};
	rootObject = 34D80CB71A66388400E936C1 /* Project object */;
}
